
Microsoft Visual Studio Solution File, Format Version 12.00
# Visual Studio Version 17
VisualStudioVersion = 17.14.36221.1
MinimumVisualStudioVersion = 10.0.40219.1
Project("{2150E333-8FDC-42A3-9474-1A3956D46DE8}") = "shared", "shared", "{02EA681E-C7D8-13C7-8484-4AC65E1B71E8}"
EndProject
Project("{2150E333-8FDC-42A3-9474-1A3956D46DE8}") = "SharedKernel", "SharedKernel", "{7BD40F49-1759-42F0-A954-B03B21426810}"
EndProject
Project("{FAE04EC0-301F-11D3-BF4B-00C04F79EFBC}") = "SharedKernel", "shared\SharedKernel\SharedKernel.csproj", "{8D316355-4050-4346-90D5-950D06B7BCEA}"
EndProject
Project("{2150E333-8FDC-42A3-9474-1A3956D46DE8}") = "services", "services", "{DEC6C6E1-3C1E-452F-B759-C66ECAC0DD94}"
EndProject
Project("{2150E333-8FDC-42A3-9474-1A3956D46DE8}") = "catalog", "catalog", "{FDA1ED2C-16BE-4AB2-965A-286D1315DC77}"
EndProject
Project("{2150E333-8FDC-42A3-9474-1A3956D46DE8}") = "src", "src", "{5E00221F-D739-4BD7-91DC-7632349B12F2}"
EndProject
Project("{2150E333-8FDC-42A3-9474-1A3956D46DE8}") = "tests", "tests", "{D32F3188-D246-4754-977D-23120C367AFE}"
EndProject
Project("{FAE04EC0-301F-11D3-BF4B-00C04F79EFBC}") = "Catalog.Domain", "services\catalog\src\Catalog.Domain\Catalog.Domain.csproj", "{29199C2C-8724-4345-8D7D-2BB4D685CAC9}"
EndProject
Project("{FAE04EC0-301F-11D3-BF4B-00C04F79EFBC}") = "Catalog.Application", "services\catalog\src\Catalog.Application\Catalog.Application.csproj", "{8FA301E0-E55F-4D81-9A17-742B8489B6E9}"
EndProject
Project("{FAE04EC0-301F-11D3-BF4B-00C04F79EFBC}") = "Catalog.Infrastructure", "services\catalog\src\Catalog.Infrastructure\Catalog.Infrastructure.csproj", "{D333D8E9-DF9E-42FD-B0CE-1EED6F93C77B}"
EndProject
Project("{FAE04EC0-301F-11D3-BF4B-00C04F79EFBC}") = "Catalog.API", "services\catalog\src\Catalog.API\Catalog.API.csproj", "{9ABBF5D2-35D5-4EA0-85E3-2352A1D4417D}"
EndProject
Project("{FAE04EC0-301F-11D3-BF4B-00C04F79EFBC}") = "Catalog.UnitTests", "services\catalog\tests\Catalog.UnitTests\Catalog.UnitTests.csproj", "{7E2C950E-2291-4B0E-AABD-D6CAAB936A15}"
EndProject
Project("{2150E333-8FDC-42A3-9474-1A3956D46DE8}") = "inventory", "inventory", "{41C38902-DBE0-4D2B-8C47-7941AFE5D95F}"
EndProject
Project("{2150E333-8FDC-42A3-9474-1A3956D46DE8}") = "src", "src", "{B4060D86-E594-4763-AFA3-86721145A9A8}"
EndProject
Project("{2150E333-8FDC-42A3-9474-1A3956D46DE8}") = "tests", "tests", "{626A6CFC-8C30-4220-A1BD-20DD4907513B}"
EndProject
Project("{FAE04EC0-301F-11D3-BF4B-00C04F79EFBC}") = "Inventory.Domain", "services\inventory\src\Inventory.Domain\Inventory.Domain.csproj", "{C41F2F5C-4E64-4E43-B0CA-E69AA58D3296}"
EndProject
Project("{FAE04EC0-301F-11D3-BF4B-00C04F79EFBC}") = "Inventory.Application", "services\inventory\src\Inventory.Application\Inventory.Application.csproj", "{FE442A2D-82F4-497E-976C-ACB56BBA3D8A}"
EndProject
Project("{FAE04EC0-301F-11D3-BF4B-00C04F79EFBC}") = "Inventory.Infrastructure", "services\inventory\src\Inventory.Infrastructure\Inventory.Infrastructure.csproj", "{EBC070E8-1D0B-4F8F-B362-F17AAA1B8319}"
EndProject
Project("{FAE04EC0-301F-11D3-BF4B-00C04F79EFBC}") = "Inventory.API", "services\inventory\src\Inventory.API\Inventory.API.csproj", "{21439FA4-6333-4278-AE0B-ED9182133361}"
EndProject
Project("{FAE04EC0-301F-11D3-BF4B-00C04F79EFBC}") = "Inventory.UnitTests", "services\inventory\tests\Inventory.UnitTests\Inventory.UnitTests.csproj", "{E0C7C7EE-AD22-4E8F-926C-26CE885A9041}"
EndProject
Project("{2150E333-8FDC-42A3-9474-1A3956D46DE8}") = "order", "order", "{EB11C101-91DD-4462-A61A-A8E3C195B854}"
EndProject
Project("{2150E333-8FDC-42A3-9474-1A3956D46DE8}") = "src", "src", "{F134AACD-B9D3-4515-B328-027811B38DE2}"
EndProject
Project("{2150E333-8FDC-42A3-9474-1A3956D46DE8}") = "tests", "tests", "{442E5A7F-7687-4A1C-823D-E5E8A2845525}"
EndProject
Project("{FAE04EC0-301F-11D3-BF4B-00C04F79EFBC}") = "Order.Domain", "services\order\src\Order.Domain\Order.Domain.csproj", "{16161DEE-B5CF-4B80-911B-B0DFB5A39F7F}"
EndProject
Project("{FAE04EC0-301F-11D3-BF4B-00C04F79EFBC}") = "Order.Application", "services\order\src\Order.Application\Order.Application.csproj", "{241C3848-F656-4DF5-8E1D-C0C275DB20B2}"
EndProject
Project("{FAE04EC0-301F-11D3-BF4B-00C04F79EFBC}") = "Order.Infrastructure", "services\order\src\Order.Infrastructure\Order.Infrastructure.csproj", "{0C302A6D-6EA4-40F7-8AFD-399D318A6279}"
EndProject
Project("{FAE04EC0-301F-11D3-BF4B-00C04F79EFBC}") = "Order.API", "services\order\src\Order.API\Order.API.csproj", "{5059E3D5-F6C0-4AAE-AC24-76D936CD58D7}"
EndProject
Project("{FAE04EC0-301F-11D3-BF4B-00C04F79EFBC}") = "Order.UnitTests", "services\order\tests\Order.UnitTests\Order.UnitTests.csproj", "{C59B4B40-5904-43BD-BC02-7EC3F059BE08}"
EndProject
Project("{2150E333-8FDC-42A3-9474-1A3956D46DE8}") = "payment", "payment", "{3AE0091B-01C0-4DC9-81F2-DFE10200AD5B}"
EndProject
Project("{2150E333-8FDC-42A3-9474-1A3956D46DE8}") = "src", "src", "{FDD71908-8DFC-47C5-89F5-495740C3EB45}"
EndProject
Project("{2150E333-8FDC-42A3-9474-1A3956D46DE8}") = "tests", "tests", "{98ECB859-4EE3-46BF-A68C-D60387221B7E}"
EndProject
Project("{FAE04EC0-301F-11D3-BF4B-00C04F79EFBC}") = "Payment.Domain", "services\payment\src\Payment.Domain\Payment.Domain.csproj", "{3E0A8F21-3358-4065-939A-391F3BE7CBF3}"
EndProject
Project("{FAE04EC0-301F-11D3-BF4B-00C04F79EFBC}") = "Payment.Application", "services\payment\src\Payment.Application\Payment.Application.csproj", "{B193D7CC-38CB-4BE0-892F-7EC568E15FC0}"
EndProject
Project("{FAE04EC0-301F-11D3-BF4B-00C04F79EFBC}") = "Payment.Infrastructure", "services\payment\src\Payment.Infrastructure\Payment.Infrastructure.csproj", "{E3BD2969-A57A-4000-80D6-4BA7A31C93A3}"
EndProject
Project("{FAE04EC0-301F-11D3-BF4B-00C04F79EFBC}") = "Payment.API", "services\payment\src\Payment.API\Payment.API.csproj", "{455ECA90-2079-4EB7-AA7B-EB5F3FA51F12}"
EndProject
Project("{FAE04EC0-301F-11D3-BF4B-00C04F79EFBC}") = "Payment.UnitTests", "services\payment\tests\Payment.UnitTests\Payment.UnitTests.csproj", "{ED404E5A-A112-46ED-A531-DF6CE02FE352}"
EndProject
Project("{2150E333-8FDC-42A3-9474-1A3956D46DE8}") = "shipping", "shipping", "{8CC521AE-F918-401C-B479-CF1692B2A37D}"
EndProject
Project("{2150E333-8FDC-42A3-9474-1A3956D46DE8}") = "src", "src", "{EFD97427-9222-4E5E-9B58-950ECCF670C4}"
EndProject
Project("{2150E333-8FDC-42A3-9474-1A3956D46DE8}") = "tests", "tests", "{C1FA72A5-8B88-4F56-9155-117FF81F1D34}"
EndProject
Project("{FAE04EC0-301F-11D3-BF4B-00C04F79EFBC}") = "Shipping.Domain", "services\shipping\src\Shipping.Domain\Shipping.Domain.csproj", "{934AFE0C-9F07-4A87-91A4-82185C77389F}"
EndProject
Project("{FAE04EC0-301F-11D3-BF4B-00C04F79EFBC}") = "Shipping.Application", "services\shipping\src\Shipping.Application\Shipping.Application.csproj", "{E6D24A17-D10E-42DB-B683-BC9908FAB6AD}"
EndProject
Project("{FAE04EC0-301F-11D3-BF4B-00C04F79EFBC}") = "Shipping.Infrastructure", "services\shipping\src\Shipping.Infrastructure\Shipping.Infrastructure.csproj", "{B3B2B2CA-6AA4-4FD4-8CA0-EDB0624C1CA4}"
EndProject
Project("{FAE04EC0-301F-11D3-BF4B-00C04F79EFBC}") = "Shipping.API", "services\shipping\src\Shipping.API\Shipping.API.csproj", "{5BB3E1C2-631C-4646-8711-283B6888B478}"
EndProject
Project("{FAE04EC0-301F-11D3-BF4B-00C04F79EFBC}") = "Shipping.UnitTests", "services\shipping\tests\Shipping.UnitTests\Shipping.UnitTests.csproj", "{39E6C71D-A12B-4527-BA76-C8DF72ABB6E0}"
EndProject
Project("{2150E333-8FDC-42A3-9474-1A3956D46DE8}") = "notification", "notification", "{25E87646-85E0-4F6E-A98C-9E0A018ED62C}"
EndProject
Project("{2150E333-8FDC-42A3-9474-1A3956D46DE8}") = "src", "src", "{FFB431AB-E7E6-459D-9CF8-13D5CC6102A9}"
EndProject
Project("{2150E333-8FDC-42A3-9474-1A3956D46DE8}") = "tests", "tests", "{0FC14DC4-1B69-4E8C-848F-76559827EB71}"
EndProject
Project("{FAE04EC0-301F-11D3-BF4B-00C04F79EFBC}") = "Notification.Domain", "services\notification\src\ClassLibrary1\Notification.Domain.csproj", "{9EA5F031-A4FF-4386-AE67-CA73F5B68F80}"
EndProject
Project("{FAE04EC0-301F-11D3-BF4B-00C04F79EFBC}") = "Notification.Application", "services\notification\src\Notification.Application\Notification.Application.csproj", "{88ACD39F-3CDB-4989-90F7-0EAF72633294}"
EndProject
Project("{FAE04EC0-301F-11D3-BF4B-00C04F79EFBC}") = "Notification.Infrastructure", "services\notification\src\Notification.Infrastructure\Notification.Infrastructure.csproj", "{971259AF-5D5F-4A15-8057-117AF200AEB4}"
EndProject
Project("{FAE04EC0-301F-11D3-BF4B-00C04F79EFBC}") = "Notification.API", "Notification.API\Notification.API.csproj", "{4E1342B4-260B-4E8E-99E7-5B3FAE265C4E}"
EndProject
Project("{FAE04EC0-301F-11D3-BF4B-00C04F79EFBC}") = "Notification.UnitTests", "services\notification\tests\Notification.UnitTests\Notification.UnitTests.csproj", "{7B7AD980-6087-40E3-BB70-FD65DC3ACC83}"
EndProject
Global
	GlobalSection(SolutionConfigurationPlatforms) = preSolution
		Debug|Any CPU = Debug|Any CPU
		Debug|x64 = Debug|x64
		Debug|x86 = Debug|x86
		Release|Any CPU = Release|Any CPU
		Release|x64 = Release|x64
		Release|x86 = Release|x86
	EndGlobalSection
	GlobalSection(ProjectConfigurationPlatforms) = postSolution
		{8D316355-4050-4346-90D5-950D06B7BCEA}.Debug|Any CPU.ActiveCfg = Debug|Any CPU
		{8D316355-4050-4346-90D5-950D06B7BCEA}.Debug|Any CPU.Build.0 = Debug|Any CPU
		{8D316355-4050-4346-90D5-950D06B7BCEA}.Debug|x64.ActiveCfg = Debug|Any CPU
		{8D316355-4050-4346-90D5-950D06B7BCEA}.Debug|x64.Build.0 = Debug|Any CPU
		{8D316355-4050-4346-90D5-950D06B7BCEA}.Debug|x86.ActiveCfg = Debug|Any CPU
		{8D316355-4050-4346-90D5-950D06B7BCEA}.Debug|x86.Build.0 = Debug|Any CPU
		{8D316355-4050-4346-90D5-950D06B7BCEA}.Release|Any CPU.ActiveCfg = Release|Any CPU
		{8D316355-4050-4346-90D5-950D06B7BCEA}.Release|Any CPU.Build.0 = Release|Any CPU
		{8D316355-4050-4346-90D5-950D06B7BCEA}.Release|x64.ActiveCfg = Release|Any CPU
		{8D316355-4050-4346-90D5-950D06B7BCEA}.Release|x64.Build.0 = Release|Any CPU
		{8D316355-4050-4346-90D5-950D06B7BCEA}.Release|x86.ActiveCfg = Release|Any CPU
		{8D316355-4050-4346-90D5-950D06B7BCEA}.Release|x86.Build.0 = Release|Any CPU
		{29199C2C-8724-4345-8D7D-2BB4D685CAC9}.Debug|Any CPU.ActiveCfg = Debug|Any CPU
		{29199C2C-8724-4345-8D7D-2BB4D685CAC9}.Debug|Any CPU.Build.0 = Debug|Any CPU
		{29199C2C-8724-4345-8D7D-2BB4D685CAC9}.Debug|x64.ActiveCfg = Debug|Any CPU
		{29199C2C-8724-4345-8D7D-2BB4D685CAC9}.Debug|x64.Build.0 = Debug|Any CPU
		{29199C2C-8724-4345-8D7D-2BB4D685CAC9}.Debug|x86.ActiveCfg = Debug|Any CPU
		{29199C2C-8724-4345-8D7D-2BB4D685CAC9}.Debug|x86.Build.0 = Debug|Any CPU
		{29199C2C-8724-4345-8D7D-2BB4D685CAC9}.Release|Any CPU.ActiveCfg = Release|Any CPU
		{29199C2C-8724-4345-8D7D-2BB4D685CAC9}.Release|Any CPU.Build.0 = Release|Any CPU
		{29199C2C-8724-4345-8D7D-2BB4D685CAC9}.Release|x64.ActiveCfg = Release|Any CPU
		{29199C2C-8724-4345-8D7D-2BB4D685CAC9}.Release|x64.Build.0 = Release|Any CPU
		{29199C2C-8724-4345-8D7D-2BB4D685CAC9}.Release|x86.ActiveCfg = Release|Any CPU
		{29199C2C-8724-4345-8D7D-2BB4D685CAC9}.Release|x86.Build.0 = Release|Any CPU
		{8FA301E0-E55F-4D81-9A17-742B8489B6E9}.Debug|Any CPU.ActiveCfg = Debug|Any CPU
		{8FA301E0-E55F-4D81-9A17-742B8489B6E9}.Debug|Any CPU.Build.0 = Debug|Any CPU
		{8FA301E0-E55F-4D81-9A17-742B8489B6E9}.Debug|x64.ActiveCfg = Debug|Any CPU
		{8FA301E0-E55F-4D81-9A17-742B8489B6E9}.Debug|x64.Build.0 = Debug|Any CPU
		{8FA301E0-E55F-4D81-9A17-742B8489B6E9}.Debug|x86.ActiveCfg = Debug|Any CPU
		{8FA301E0-E55F-4D81-9A17-742B8489B6E9}.Debug|x86.Build.0 = Debug|Any CPU
		{8FA301E0-E55F-4D81-9A17-742B8489B6E9}.Release|Any CPU.ActiveCfg = Release|Any CPU
		{8FA301E0-E55F-4D81-9A17-742B8489B6E9}.Release|Any CPU.Build.0 = Release|Any CPU
		{8FA301E0-E55F-4D81-9A17-742B8489B6E9}.Release|x64.ActiveCfg = Release|Any CPU
		{8FA301E0-E55F-4D81-9A17-742B8489B6E9}.Release|x64.Build.0 = Release|Any CPU
		{8FA301E0-E55F-4D81-9A17-742B8489B6E9}.Release|x86.ActiveCfg = Release|Any CPU
		{8FA301E0-E55F-4D81-9A17-742B8489B6E9}.Release|x86.Build.0 = Release|Any CPU
		{D333D8E9-DF9E-42FD-B0CE-1EED6F93C77B}.Debug|Any CPU.ActiveCfg = Debug|Any CPU
		{D333D8E9-DF9E-42FD-B0CE-1EED6F93C77B}.Debug|Any CPU.Build.0 = Debug|Any CPU
		{D333D8E9-DF9E-42FD-B0CE-1EED6F93C77B}.Debug|x64.ActiveCfg = Debug|Any CPU
		{D333D8E9-DF9E-42FD-B0CE-1EED6F93C77B}.Debug|x64.Build.0 = Debug|Any CPU
		{D333D8E9-DF9E-42FD-B0CE-1EED6F93C77B}.Debug|x86.ActiveCfg = Debug|Any CPU
		{D333D8E9-DF9E-42FD-B0CE-1EED6F93C77B}.Debug|x86.Build.0 = Debug|Any CPU
		{D333D8E9-DF9E-42FD-B0CE-1EED6F93C77B}.Release|Any CPU.ActiveCfg = Release|Any CPU
		{D333D8E9-DF9E-42FD-B0CE-1EED6F93C77B}.Release|Any CPU.Build.0 = Release|Any CPU
		{D333D8E9-DF9E-42FD-B0CE-1EED6F93C77B}.Release|x64.ActiveCfg = Release|Any CPU
		{D333D8E9-DF9E-42FD-B0CE-1EED6F93C77B}.Release|x64.Build.0 = Release|Any CPU
		{D333D8E9-DF9E-42FD-B0CE-1EED6F93C77B}.Release|x86.ActiveCfg = Release|Any CPU
		{D333D8E9-DF9E-42FD-B0CE-1EED6F93C77B}.Release|x86.Build.0 = Release|Any CPU
		{9ABBF5D2-35D5-4EA0-85E3-2352A1D4417D}.Debug|Any CPU.ActiveCfg = Debug|Any CPU
		{9ABBF5D2-35D5-4EA0-85E3-2352A1D4417D}.Debug|Any CPU.Build.0 = Debug|Any CPU
		{9ABBF5D2-35D5-4EA0-85E3-2352A1D4417D}.Debug|x64.ActiveCfg = Debug|Any CPU
		{9ABBF5D2-35D5-4EA0-85E3-2352A1D4417D}.Debug|x64.Build.0 = Debug|Any CPU
		{9ABBF5D2-35D5-4EA0-85E3-2352A1D4417D}.Debug|x86.ActiveCfg = Debug|Any CPU
		{9ABBF5D2-35D5-4EA0-85E3-2352A1D4417D}.Debug|x86.Build.0 = Debug|Any CPU
		{9ABBF5D2-35D5-4EA0-85E3-2352A1D4417D}.Release|Any CPU.ActiveCfg = Release|Any CPU
		{9ABBF5D2-35D5-4EA0-85E3-2352A1D4417D}.Release|Any CPU.Build.0 = Release|Any CPU
		{9ABBF5D2-35D5-4EA0-85E3-2352A1D4417D}.Release|x64.ActiveCfg = Release|Any CPU
		{9ABBF5D2-35D5-4EA0-85E3-2352A1D4417D}.Release|x64.Build.0 = Release|Any CPU
		{9ABBF5D2-35D5-4EA0-85E3-2352A1D4417D}.Release|x86.ActiveCfg = Release|Any CPU
		{9ABBF5D2-35D5-4EA0-85E3-2352A1D4417D}.Release|x86.Build.0 = Release|Any CPU
		{7E2C950E-2291-4B0E-AABD-D6CAAB936A15}.Debug|Any CPU.ActiveCfg = Debug|Any CPU
		{7E2C950E-2291-4B0E-AABD-D6CAAB936A15}.Debug|Any CPU.Build.0 = Debug|Any CPU
		{7E2C950E-2291-4B0E-AABD-D6CAAB936A15}.Debug|x64.ActiveCfg = Debug|Any CPU
		{7E2C950E-2291-4B0E-AABD-D6CAAB936A15}.Debug|x64.Build.0 = Debug|Any CPU
		{7E2C950E-2291-4B0E-AABD-D6CAAB936A15}.Debug|x86.ActiveCfg = Debug|Any CPU
		{7E2C950E-2291-4B0E-AABD-D6CAAB936A15}.Debug|x86.Build.0 = Debug|Any CPU
		{7E2C950E-2291-4B0E-AABD-D6CAAB936A15}.Release|Any CPU.ActiveCfg = Release|Any CPU
		{7E2C950E-2291-4B0E-AABD-D6CAAB936A15}.Release|Any CPU.Build.0 = Release|Any CPU
		{7E2C950E-2291-4B0E-AABD-D6CAAB936A15}.Release|x64.ActiveCfg = Release|Any CPU
		{7E2C950E-2291-4B0E-AABD-D6CAAB936A15}.Release|x64.Build.0 = Release|Any CPU
		{7E2C950E-2291-4B0E-AABD-D6CAAB936A15}.Release|x86.ActiveCfg = Release|Any CPU
		{7E2C950E-2291-4B0E-AABD-D6CAAB936A15}.Release|x86.Build.0 = Release|Any CPU
		{C41F2F5C-4E64-4E43-B0CA-E69AA58D3296}.Debug|Any CPU.ActiveCfg = Debug|Any CPU
		{C41F2F5C-4E64-4E43-B0CA-E69AA58D3296}.Debug|Any CPU.Build.0 = Debug|Any CPU
		{C41F2F5C-4E64-4E43-B0CA-E69AA58D3296}.Debug|x64.ActiveCfg = Debug|Any CPU
		{C41F2F5C-4E64-4E43-B0CA-E69AA58D3296}.Debug|x64.Build.0 = Debug|Any CPU
		{C41F2F5C-4E64-4E43-B0CA-E69AA58D3296}.Debug|x86.ActiveCfg = Debug|Any CPU
		{C41F2F5C-4E64-4E43-B0CA-E69AA58D3296}.Debug|x86.Build.0 = Debug|Any CPU
		{C41F2F5C-4E64-4E43-B0CA-E69AA58D3296}.Release|Any CPU.ActiveCfg = Release|Any CPU
		{C41F2F5C-4E64-4E43-B0CA-E69AA58D3296}.Release|Any CPU.Build.0 = Release|Any CPU
		{C41F2F5C-4E64-4E43-B0CA-E69AA58D3296}.Release|x64.ActiveCfg = Release|Any CPU
		{C41F2F5C-4E64-4E43-B0CA-E69AA58D3296}.Release|x64.Build.0 = Release|Any CPU
		{C41F2F5C-4E64-4E43-B0CA-E69AA58D3296}.Release|x86.ActiveCfg = Release|Any CPU
		{C41F2F5C-4E64-4E43-B0CA-E69AA58D3296}.Release|x86.Build.0 = Release|Any CPU
		{FE442A2D-82F4-497E-976C-ACB56BBA3D8A}.Debug|Any CPU.ActiveCfg = Debug|Any CPU
		{FE442A2D-82F4-497E-976C-ACB56BBA3D8A}.Debug|Any CPU.Build.0 = Debug|Any CPU
		{FE442A2D-82F4-497E-976C-ACB56BBA3D8A}.Debug|x64.ActiveCfg = Debug|Any CPU
		{FE442A2D-82F4-497E-976C-ACB56BBA3D8A}.Debug|x64.Build.0 = Debug|Any CPU
		{FE442A2D-82F4-497E-976C-ACB56BBA3D8A}.Debug|x86.ActiveCfg = Debug|Any CPU
		{FE442A2D-82F4-497E-976C-ACB56BBA3D8A}.Debug|x86.Build.0 = Debug|Any CPU
		{FE442A2D-82F4-497E-976C-ACB56BBA3D8A}.Release|Any CPU.ActiveCfg = Release|Any CPU
		{FE442A2D-82F4-497E-976C-ACB56BBA3D8A}.Release|Any CPU.Build.0 = Release|Any CPU
		{FE442A2D-82F4-497E-976C-ACB56BBA3D8A}.Release|x64.ActiveCfg = Release|Any CPU
		{FE442A2D-82F4-497E-976C-ACB56BBA3D8A}.Release|x64.Build.0 = Release|Any CPU
		{FE442A2D-82F4-497E-976C-ACB56BBA3D8A}.Release|x86.ActiveCfg = Release|Any CPU
		{FE442A2D-82F4-497E-976C-ACB56BBA3D8A}.Release|x86.Build.0 = Release|Any CPU
		{EBC070E8-1D0B-4F8F-B362-F17AAA1B8319}.Debug|Any CPU.ActiveCfg = Debug|Any CPU
		{EBC070E8-1D0B-4F8F-B362-F17AAA1B8319}.Debug|Any CPU.Build.0 = Debug|Any CPU
		{EBC070E8-1D0B-4F8F-B362-F17AAA1B8319}.Debug|x64.ActiveCfg = Debug|Any CPU
		{EBC070E8-1D0B-4F8F-B362-F17AAA1B8319}.Debug|x64.Build.0 = Debug|Any CPU
		{EBC070E8-1D0B-4F8F-B362-F17AAA1B8319}.Debug|x86.ActiveCfg = Debug|Any CPU
		{EBC070E8-1D0B-4F8F-B362-F17AAA1B8319}.Debug|x86.Build.0 = Debug|Any CPU
		{EBC070E8-1D0B-4F8F-B362-F17AAA1B8319}.Release|Any CPU.ActiveCfg = Release|Any CPU
		{EBC070E8-1D0B-4F8F-B362-F17AAA1B8319}.Release|Any CPU.Build.0 = Release|Any CPU
		{EBC070E8-1D0B-4F8F-B362-F17AAA1B8319}.Release|x64.ActiveCfg = Release|Any CPU
		{EBC070E8-1D0B-4F8F-B362-F17AAA1B8319}.Release|x64.Build.0 = Release|Any CPU
		{EBC070E8-1D0B-4F8F-B362-F17AAA1B8319}.Release|x86.ActiveCfg = Release|Any CPU
		{EBC070E8-1D0B-4F8F-B362-F17AAA1B8319}.Release|x86.Build.0 = Release|Any CPU
		{21439FA4-6333-4278-AE0B-ED9182133361}.Debug|Any CPU.ActiveCfg = Debug|Any CPU
		{21439FA4-6333-4278-AE0B-ED9182133361}.Debug|Any CPU.Build.0 = Debug|Any CPU
		{21439FA4-6333-4278-AE0B-ED9182133361}.Debug|x64.ActiveCfg = Debug|Any CPU
		{21439FA4-6333-4278-AE0B-ED9182133361}.Debug|x64.Build.0 = Debug|Any CPU
		{21439FA4-6333-4278-AE0B-ED9182133361}.Debug|x86.ActiveCfg = Debug|Any CPU
		{21439FA4-6333-4278-AE0B-ED9182133361}.Debug|x86.Build.0 = Debug|Any CPU
		{21439FA4-6333-4278-AE0B-ED9182133361}.Release|Any CPU.ActiveCfg = Release|Any CPU
		{21439FA4-6333-4278-AE0B-ED9182133361}.Release|Any CPU.Build.0 = Release|Any CPU
		{21439FA4-6333-4278-AE0B-ED9182133361}.Release|x64.ActiveCfg = Release|Any CPU
		{21439FA4-6333-4278-AE0B-ED9182133361}.Release|x64.Build.0 = Release|Any CPU
		{21439FA4-6333-4278-AE0B-ED9182133361}.Release|x86.ActiveCfg = Release|Any CPU
		{21439FA4-6333-4278-AE0B-ED9182133361}.Release|x86.Build.0 = Release|Any CPU
		{E0C7C7EE-AD22-4E8F-926C-26CE885A9041}.Debug|Any CPU.ActiveCfg = Debug|Any CPU
		{E0C7C7EE-AD22-4E8F-926C-26CE885A9041}.Debug|Any CPU.Build.0 = Debug|Any CPU
		{E0C7C7EE-AD22-4E8F-926C-26CE885A9041}.Debug|x64.ActiveCfg = Debug|Any CPU
		{E0C7C7EE-AD22-4E8F-926C-26CE885A9041}.Debug|x64.Build.0 = Debug|Any CPU
		{E0C7C7EE-AD22-4E8F-926C-26CE885A9041}.Debug|x86.ActiveCfg = Debug|Any CPU
		{E0C7C7EE-AD22-4E8F-926C-26CE885A9041}.Debug|x86.Build.0 = Debug|Any CPU
		{E0C7C7EE-AD22-4E8F-926C-26CE885A9041}.Release|Any CPU.ActiveCfg = Release|Any CPU
		{E0C7C7EE-AD22-4E8F-926C-26CE885A9041}.Release|Any CPU.Build.0 = Release|Any CPU
		{E0C7C7EE-AD22-4E8F-926C-26CE885A9041}.Release|x64.ActiveCfg = Release|Any CPU
		{E0C7C7EE-AD22-4E8F-926C-26CE885A9041}.Release|x64.Build.0 = Release|Any CPU
		{E0C7C7EE-AD22-4E8F-926C-26CE885A9041}.Release|x86.ActiveCfg = Release|Any CPU
		{E0C7C7EE-AD22-4E8F-926C-26CE885A9041}.Release|x86.Build.0 = Release|Any CPU
		{16161DEE-B5CF-4B80-911B-B0DFB5A39F7F}.Debug|Any CPU.ActiveCfg = Debug|Any CPU
		{16161DEE-B5CF-4B80-911B-B0DFB5A39F7F}.Debug|Any CPU.Build.0 = Debug|Any CPU
		{16161DEE-B5CF-4B80-911B-B0DFB5A39F7F}.Debug|x64.ActiveCfg = Debug|Any CPU
		{16161DEE-B5CF-4B80-911B-B0DFB5A39F7F}.Debug|x64.Build.0 = Debug|Any CPU
		{16161DEE-B5CF-4B80-911B-B0DFB5A39F7F}.Debug|x86.ActiveCfg = Debug|Any CPU
		{16161DEE-B5CF-4B80-911B-B0DFB5A39F7F}.Debug|x86.Build.0 = Debug|Any CPU
		{16161DEE-B5CF-4B80-911B-B0DFB5A39F7F}.Release|Any CPU.ActiveCfg = Release|Any CPU
		{16161DEE-B5CF-4B80-911B-B0DFB5A39F7F}.Release|Any CPU.Build.0 = Release|Any CPU
		{16161DEE-B5CF-4B80-911B-B0DFB5A39F7F}.Release|x64.ActiveCfg = Release|Any CPU
		{16161DEE-B5CF-4B80-911B-B0DFB5A39F7F}.Release|x64.Build.0 = Release|Any CPU
		{16161DEE-B5CF-4B80-911B-B0DFB5A39F7F}.Release|x86.ActiveCfg = Release|Any CPU
		{16161DEE-B5CF-4B80-911B-B0DFB5A39F7F}.Release|x86.Build.0 = Release|Any CPU
		{241C3848-F656-4DF5-8E1D-C0C275DB20B2}.Debug|Any CPU.ActiveCfg = Debug|Any CPU
		{241C3848-F656-4DF5-8E1D-C0C275DB20B2}.Debug|Any CPU.Build.0 = Debug|Any CPU
		{241C3848-F656-4DF5-8E1D-C0C275DB20B2}.Debug|x64.ActiveCfg = Debug|Any CPU
		{241C3848-F656-4DF5-8E1D-C0C275DB20B2}.Debug|x64.Build.0 = Debug|Any CPU
		{241C3848-F656-4DF5-8E1D-C0C275DB20B2}.Debug|x86.ActiveCfg = Debug|Any CPU
		{241C3848-F656-4DF5-8E1D-C0C275DB20B2}.Debug|x86.Build.0 = Debug|Any CPU
		{241C3848-F656-4DF5-8E1D-C0C275DB20B2}.Release|Any CPU.ActiveCfg = Release|Any CPU
		{241C3848-F656-4DF5-8E1D-C0C275DB20B2}.Release|Any CPU.Build.0 = Release|Any CPU
		{241C3848-F656-4DF5-8E1D-C0C275DB20B2}.Release|x64.ActiveCfg = Release|Any CPU
		{241C3848-F656-4DF5-8E1D-C0C275DB20B2}.Release|x64.Build.0 = Release|Any CPU
		{241C3848-F656-4DF5-8E1D-C0C275DB20B2}.Release|x86.ActiveCfg = Release|Any CPU
		{241C3848-F656-4DF5-8E1D-C0C275DB20B2}.Release|x86.Build.0 = Release|Any CPU
		{0C302A6D-6EA4-40F7-8AFD-399D318A6279}.Debug|Any CPU.ActiveCfg = Debug|Any CPU
		{0C302A6D-6EA4-40F7-8AFD-399D318A6279}.Debug|Any CPU.Build.0 = Debug|Any CPU
		{0C302A6D-6EA4-40F7-8AFD-399D318A6279}.Debug|x64.ActiveCfg = Debug|Any CPU
		{0C302A6D-6EA4-40F7-8AFD-399D318A6279}.Debug|x64.Build.0 = Debug|Any CPU
		{0C302A6D-6EA4-40F7-8AFD-399D318A6279}.Debug|x86.ActiveCfg = Debug|Any CPU
		{0C302A6D-6EA4-40F7-8AFD-399D318A6279}.Debug|x86.Build.0 = Debug|Any CPU
		{0C302A6D-6EA4-40F7-8AFD-399D318A6279}.Release|Any CPU.ActiveCfg = Release|Any CPU
		{0C302A6D-6EA4-40F7-8AFD-399D318A6279}.Release|Any CPU.Build.0 = Release|Any CPU
		{0C302A6D-6EA4-40F7-8AFD-399D318A6279}.Release|x64.ActiveCfg = Release|Any CPU
		{0C302A6D-6EA4-40F7-8AFD-399D318A6279}.Release|x64.Build.0 = Release|Any CPU
		{0C302A6D-6EA4-40F7-8AFD-399D318A6279}.Release|x86.ActiveCfg = Release|Any CPU
		{0C302A6D-6EA4-40F7-8AFD-399D318A6279}.Release|x86.Build.0 = Release|Any CPU
		{5059E3D5-F6C0-4AAE-AC24-76D936CD58D7}.Debug|Any CPU.ActiveCfg = Debug|Any CPU
		{5059E3D5-F6C0-4AAE-AC24-76D936CD58D7}.Debug|Any CPU.Build.0 = Debug|Any CPU
		{5059E3D5-F6C0-4AAE-AC24-76D936CD58D7}.Debug|x64.ActiveCfg = Debug|Any CPU
		{5059E3D5-F6C0-4AAE-AC24-76D936CD58D7}.Debug|x64.Build.0 = Debug|Any CPU
		{5059E3D5-F6C0-4AAE-AC24-76D936CD58D7}.Debug|x86.ActiveCfg = Debug|Any CPU
		{5059E3D5-F6C0-4AAE-AC24-76D936CD58D7}.Debug|x86.Build.0 = Debug|Any CPU
		{5059E3D5-F6C0-4AAE-AC24-76D936CD58D7}.Release|Any CPU.ActiveCfg = Release|Any CPU
		{5059E3D5-F6C0-4AAE-AC24-76D936CD58D7}.Release|Any CPU.Build.0 = Release|Any CPU
		{5059E3D5-F6C0-4AAE-AC24-76D936CD58D7}.Release|x64.ActiveCfg = Release|Any CPU
		{5059E3D5-F6C0-4AAE-AC24-76D936CD58D7}.Release|x64.Build.0 = Release|Any CPU
		{5059E3D5-F6C0-4AAE-AC24-76D936CD58D7}.Release|x86.ActiveCfg = Release|Any CPU
		{5059E3D5-F6C0-4AAE-AC24-76D936CD58D7}.Release|x86.Build.0 = Release|Any CPU
		{C59B4B40-5904-43BD-BC02-7EC3F059BE08}.Debug|Any CPU.ActiveCfg = Debug|Any CPU
		{C59B4B40-5904-43BD-BC02-7EC3F059BE08}.Debug|Any CPU.Build.0 = Debug|Any CPU
		{C59B4B40-5904-43BD-BC02-7EC3F059BE08}.Debug|x64.ActiveCfg = Debug|Any CPU
		{C59B4B40-5904-43BD-BC02-7EC3F059BE08}.Debug|x64.Build.0 = Debug|Any CPU
		{C59B4B40-5904-43BD-BC02-7EC3F059BE08}.Debug|x86.ActiveCfg = Debug|Any CPU
		{C59B4B40-5904-43BD-BC02-7EC3F059BE08}.Debug|x86.Build.0 = Debug|Any CPU
		{C59B4B40-5904-43BD-BC02-7EC3F059BE08}.Release|Any CPU.ActiveCfg = Release|Any CPU
		{C59B4B40-5904-43BD-BC02-7EC3F059BE08}.Release|Any CPU.Build.0 = Release|Any CPU
		{C59B4B40-5904-43BD-BC02-7EC3F059BE08}.Release|x64.ActiveCfg = Release|Any CPU
		{C59B4B40-5904-43BD-BC02-7EC3F059BE08}.Release|x64.Build.0 = Release|Any CPU
		{C59B4B40-5904-43BD-BC02-7EC3F059BE08}.Release|x86.ActiveCfg = Release|Any CPU
		{C59B4B40-5904-43BD-BC02-7EC3F059BE08}.Release|x86.Build.0 = Release|Any CPU
		{3E0A8F21-3358-4065-939A-391F3BE7CBF3}.Debug|Any CPU.ActiveCfg = Debug|Any CPU
		{3E0A8F21-3358-4065-939A-391F3BE7CBF3}.Debug|Any CPU.Build.0 = Debug|Any CPU
		{3E0A8F21-3358-4065-939A-391F3BE7CBF3}.Debug|x64.ActiveCfg = Debug|Any CPU
		{3E0A8F21-3358-4065-939A-391F3BE7CBF3}.Debug|x64.Build.0 = Debug|Any CPU
		{3E0A8F21-3358-4065-939A-391F3BE7CBF3}.Debug|x86.ActiveCfg = Debug|Any CPU
		{3E0A8F21-3358-4065-939A-391F3BE7CBF3}.Debug|x86.Build.0 = Debug|Any CPU
		{3E0A8F21-3358-4065-939A-391F3BE7CBF3}.Release|Any CPU.ActiveCfg = Release|Any CPU
		{3E0A8F21-3358-4065-939A-391F3BE7CBF3}.Release|Any CPU.Build.0 = Release|Any CPU
		{3E0A8F21-3358-4065-939A-391F3BE7CBF3}.Release|x64.ActiveCfg = Release|Any CPU
		{3E0A8F21-3358-4065-939A-391F3BE7CBF3}.Release|x64.Build.0 = Release|Any CPU
		{3E0A8F21-3358-4065-939A-391F3BE7CBF3}.Release|x86.ActiveCfg = Release|Any CPU
		{3E0A8F21-3358-4065-939A-391F3BE7CBF3}.Release|x86.Build.0 = Release|Any CPU
		{B193D7CC-38CB-4BE0-892F-7EC568E15FC0}.Debug|Any CPU.ActiveCfg = Debug|Any CPU
		{B193D7CC-38CB-4BE0-892F-7EC568E15FC0}.Debug|Any CPU.Build.0 = Debug|Any CPU
		{B193D7CC-38CB-4BE0-892F-7EC568E15FC0}.Debug|x64.ActiveCfg = Debug|Any CPU
		{B193D7CC-38CB-4BE0-892F-7EC568E15FC0}.Debug|x64.Build.0 = Debug|Any CPU
		{B193D7CC-38CB-4BE0-892F-7EC568E15FC0}.Debug|x86.ActiveCfg = Debug|Any CPU
		{B193D7CC-38CB-4BE0-892F-7EC568E15FC0}.Debug|x86.Build.0 = Debug|Any CPU
		{B193D7CC-38CB-4BE0-892F-7EC568E15FC0}.Release|Any CPU.ActiveCfg = Release|Any CPU
		{B193D7CC-38CB-4BE0-892F-7EC568E15FC0}.Release|Any CPU.Build.0 = Release|Any CPU
		{B193D7CC-38CB-4BE0-892F-7EC568E15FC0}.Release|x64.ActiveCfg = Release|Any CPU
		{B193D7CC-38CB-4BE0-892F-7EC568E15FC0}.Release|x64.Build.0 = Release|Any CPU
		{B193D7CC-38CB-4BE0-892F-7EC568E15FC0}.Release|x86.ActiveCfg = Release|Any CPU
		{B193D7CC-38CB-4BE0-892F-7EC568E15FC0}.Release|x86.Build.0 = Release|Any CPU
		{E3BD2969-A57A-4000-80D6-4BA7A31C93A3}.Debug|Any CPU.ActiveCfg = Debug|Any CPU
		{E3BD2969-A57A-4000-80D6-4BA7A31C93A3}.Debug|Any CPU.Build.0 = Debug|Any CPU
		{E3BD2969-A57A-4000-80D6-4BA7A31C93A3}.Debug|x64.ActiveCfg = Debug|Any CPU
		{E3BD2969-A57A-4000-80D6-4BA7A31C93A3}.Debug|x64.Build.0 = Debug|Any CPU
		{E3BD2969-A57A-4000-80D6-4BA7A31C93A3}.Debug|x86.ActiveCfg = Debug|Any CPU
		{E3BD2969-A57A-4000-80D6-4BA7A31C93A3}.Debug|x86.Build.0 = Debug|Any CPU
		{E3BD2969-A57A-4000-80D6-4BA7A31C93A3}.Release|Any CPU.ActiveCfg = Release|Any CPU
		{E3BD2969-A57A-4000-80D6-4BA7A31C93A3}.Release|Any CPU.Build.0 = Release|Any CPU
		{E3BD2969-A57A-4000-80D6-4BA7A31C93A3}.Release|x64.ActiveCfg = Release|Any CPU
		{E3BD2969-A57A-4000-80D6-4BA7A31C93A3}.Release|x64.Build.0 = Release|Any CPU
		{E3BD2969-A57A-4000-80D6-4BA7A31C93A3}.Release|x86.ActiveCfg = Release|Any CPU
		{E3BD2969-A57A-4000-80D6-4BA7A31C93A3}.Release|x86.Build.0 = Release|Any CPU
		{455ECA90-2079-4EB7-AA7B-EB5F3FA51F12}.Debug|Any CPU.ActiveCfg = Debug|Any CPU
		{455ECA90-2079-4EB7-AA7B-EB5F3FA51F12}.Debug|Any CPU.Build.0 = Debug|Any CPU
		{455ECA90-2079-4EB7-AA7B-EB5F3FA51F12}.Debug|x64.ActiveCfg = Debug|Any CPU
		{455ECA90-2079-4EB7-AA7B-EB5F3FA51F12}.Debug|x64.Build.0 = Debug|Any CPU
		{455ECA90-2079-4EB7-AA7B-EB5F3FA51F12}.Debug|x86.ActiveCfg = Debug|Any CPU
		{455ECA90-2079-4EB7-AA7B-EB5F3FA51F12}.Debug|x86.Build.0 = Debug|Any CPU
		{455ECA90-2079-4EB7-AA7B-EB5F3FA51F12}.Release|Any CPU.ActiveCfg = Release|Any CPU
		{455ECA90-2079-4EB7-AA7B-EB5F3FA51F12}.Release|Any CPU.Build.0 = Release|Any CPU
		{455ECA90-2079-4EB7-AA7B-EB5F3FA51F12}.Release|x64.ActiveCfg = Release|Any CPU
		{455ECA90-2079-4EB7-AA7B-EB5F3FA51F12}.Release|x64.Build.0 = Release|Any CPU
		{455ECA90-2079-4EB7-AA7B-EB5F3FA51F12}.Release|x86.ActiveCfg = Release|Any CPU
		{455ECA90-2079-4EB7-AA7B-EB5F3FA51F12}.Release|x86.Build.0 = Release|Any CPU
		{ED404E5A-A112-46ED-A531-DF6CE02FE352}.Debug|Any CPU.ActiveCfg = Debug|Any CPU
		{ED404E5A-A112-46ED-A531-DF6CE02FE352}.Debug|Any CPU.Build.0 = Debug|Any CPU
		{ED404E5A-A112-46ED-A531-DF6CE02FE352}.Debug|x64.ActiveCfg = Debug|Any CPU
		{ED404E5A-A112-46ED-A531-DF6CE02FE352}.Debug|x64.Build.0 = Debug|Any CPU
		{ED404E5A-A112-46ED-A531-DF6CE02FE352}.Debug|x86.ActiveCfg = Debug|Any CPU
		{ED404E5A-A112-46ED-A531-DF6CE02FE352}.Debug|x86.Build.0 = Debug|Any CPU
		{ED404E5A-A112-46ED-A531-DF6CE02FE352}.Release|Any CPU.ActiveCfg = Release|Any CPU
		{ED404E5A-A112-46ED-A531-DF6CE02FE352}.Release|Any CPU.Build.0 = Release|Any CPU
		{ED404E5A-A112-46ED-A531-DF6CE02FE352}.Release|x64.ActiveCfg = Release|Any CPU
		{ED404E5A-A112-46ED-A531-DF6CE02FE352}.Release|x64.Build.0 = Release|Any CPU
		{ED404E5A-A112-46ED-A531-DF6CE02FE352}.Release|x86.ActiveCfg = Release|Any CPU
		{ED404E5A-A112-46ED-A531-DF6CE02FE352}.Release|x86.Build.0 = Release|Any CPU
		{934AFE0C-9F07-4A87-91A4-82185C77389F}.Debug|Any CPU.ActiveCfg = Debug|Any CPU
		{934AFE0C-9F07-4A87-91A4-82185C77389F}.Debug|Any CPU.Build.0 = Debug|Any CPU
		{934AFE0C-9F07-4A87-91A4-82185C77389F}.Debug|x64.ActiveCfg = Debug|Any CPU
		{934AFE0C-9F07-4A87-91A4-82185C77389F}.Debug|x64.Build.0 = Debug|Any CPU
		{934AFE0C-9F07-4A87-91A4-82185C77389F}.Debug|x86.ActiveCfg = Debug|Any CPU
		{934AFE0C-9F07-4A87-91A4-82185C77389F}.Debug|x86.Build.0 = Debug|Any CPU
		{934AFE0C-9F07-4A87-91A4-82185C77389F}.Release|Any CPU.ActiveCfg = Release|Any CPU
		{934AFE0C-9F07-4A87-91A4-82185C77389F}.Release|Any CPU.Build.0 = Release|Any CPU
		{934AFE0C-9F07-4A87-91A4-82185C77389F}.Release|x64.ActiveCfg = Release|Any CPU
		{934AFE0C-9F07-4A87-91A4-82185C77389F}.Release|x64.Build.0 = Release|Any CPU
		{934AFE0C-9F07-4A87-91A4-82185C77389F}.Release|x86.ActiveCfg = Release|Any CPU
		{934AFE0C-9F07-4A87-91A4-82185C77389F}.Release|x86.Build.0 = Release|Any CPU
		{E6D24A17-D10E-42DB-B683-BC9908FAB6AD}.Debug|Any CPU.ActiveCfg = Debug|Any CPU
		{E6D24A17-D10E-42DB-B683-BC9908FAB6AD}.Debug|Any CPU.Build.0 = Debug|Any CPU
		{E6D24A17-D10E-42DB-B683-BC9908FAB6AD}.Debug|x64.ActiveCfg = Debug|Any CPU
		{E6D24A17-D10E-42DB-B683-BC9908FAB6AD}.Debug|x64.Build.0 = Debug|Any CPU
		{E6D24A17-D10E-42DB-B683-BC9908FAB6AD}.Debug|x86.ActiveCfg = Debug|Any CPU
		{E6D24A17-D10E-42DB-B683-BC9908FAB6AD}.Debug|x86.Build.0 = Debug|Any CPU
		{E6D24A17-D10E-42DB-B683-BC9908FAB6AD}.Release|Any CPU.ActiveCfg = Release|Any CPU
		{E6D24A17-D10E-42DB-B683-BC9908FAB6AD}.Release|Any CPU.Build.0 = Release|Any CPU
		{E6D24A17-D10E-42DB-B683-BC9908FAB6AD}.Release|x64.ActiveCfg = Release|Any CPU
		{E6D24A17-D10E-42DB-B683-BC9908FAB6AD}.Release|x64.Build.0 = Release|Any CPU
		{E6D24A17-D10E-42DB-B683-BC9908FAB6AD}.Release|x86.ActiveCfg = Release|Any CPU
		{E6D24A17-D10E-42DB-B683-BC9908FAB6AD}.Release|x86.Build.0 = Release|Any CPU
		{B3B2B2CA-6AA4-4FD4-8CA0-EDB0624C1CA4}.Debug|Any CPU.ActiveCfg = Debug|Any CPU
		{B3B2B2CA-6AA4-4FD4-8CA0-EDB0624C1CA4}.Debug|Any CPU.Build.0 = Debug|Any CPU
		{B3B2B2CA-6AA4-4FD4-8CA0-EDB0624C1CA4}.Debug|x64.ActiveCfg = Debug|Any CPU
		{B3B2B2CA-6AA4-4FD4-8CA0-EDB0624C1CA4}.Debug|x64.Build.0 = Debug|Any CPU
		{B3B2B2CA-6AA4-4FD4-8CA0-EDB0624C1CA4}.Debug|x86.ActiveCfg = Debug|Any CPU
		{B3B2B2CA-6AA4-4FD4-8CA0-EDB0624C1CA4}.Debug|x86.Build.0 = Debug|Any CPU
		{B3B2B2CA-6AA4-4FD4-8CA0-EDB0624C1CA4}.Release|Any CPU.ActiveCfg = Release|Any CPU
		{B3B2B2CA-6AA4-4FD4-8CA0-EDB0624C1CA4}.Release|Any CPU.Build.0 = Release|Any CPU
		{B3B2B2CA-6AA4-4FD4-8CA0-EDB0624C1CA4}.Release|x64.ActiveCfg = Release|Any CPU
		{B3B2B2CA-6AA4-4FD4-8CA0-EDB0624C1CA4}.Release|x64.Build.0 = Release|Any CPU
		{B3B2B2CA-6AA4-4FD4-8CA0-EDB0624C1CA4}.Release|x86.ActiveCfg = Release|Any CPU
		{B3B2B2CA-6AA4-4FD4-8CA0-EDB0624C1CA4}.Release|x86.Build.0 = Release|Any CPU
		{5BB3E1C2-631C-4646-8711-283B6888B478}.Debug|Any CPU.ActiveCfg = Debug|Any CPU
		{5BB3E1C2-631C-4646-8711-283B6888B478}.Debug|Any CPU.Build.0 = Debug|Any CPU
		{5BB3E1C2-631C-4646-8711-283B6888B478}.Debug|x64.ActiveCfg = Debug|Any CPU
		{5BB3E1C2-631C-4646-8711-283B6888B478}.Debug|x64.Build.0 = Debug|Any CPU
		{5BB3E1C2-631C-4646-8711-283B6888B478}.Debug|x86.ActiveCfg = Debug|Any CPU
		{5BB3E1C2-631C-4646-8711-283B6888B478}.Debug|x86.Build.0 = Debug|Any CPU
		{5BB3E1C2-631C-4646-8711-283B6888B478}.Release|Any CPU.ActiveCfg = Release|Any CPU
		{5BB3E1C2-631C-4646-8711-283B6888B478}.Release|Any CPU.Build.0 = Release|Any CPU
		{5BB3E1C2-631C-4646-8711-283B6888B478}.Release|x64.ActiveCfg = Release|Any CPU
		{5BB3E1C2-631C-4646-8711-283B6888B478}.Release|x64.Build.0 = Release|Any CPU
		{5BB3E1C2-631C-4646-8711-283B6888B478}.Release|x86.ActiveCfg = Release|Any CPU
		{5BB3E1C2-631C-4646-8711-283B6888B478}.Release|x86.Build.0 = Release|Any CPU
		{39E6C71D-A12B-4527-BA76-C8DF72ABB6E0}.Debug|Any CPU.ActiveCfg = Debug|Any CPU
		{39E6C71D-A12B-4527-BA76-C8DF72ABB6E0}.Debug|Any CPU.Build.0 = Debug|Any CPU
		{39E6C71D-A12B-4527-BA76-C8DF72ABB6E0}.Debug|x64.ActiveCfg = Debug|Any CPU
		{39E6C71D-A12B-4527-BA76-C8DF72ABB6E0}.Debug|x64.Build.0 = Debug|Any CPU
		{39E6C71D-A12B-4527-BA76-C8DF72ABB6E0}.Debug|x86.ActiveCfg = Debug|Any CPU
		{39E6C71D-A12B-4527-BA76-C8DF72ABB6E0}.Debug|x86.Build.0 = Debug|Any CPU
		{39E6C71D-A12B-4527-BA76-C8DF72ABB6E0}.Release|Any CPU.ActiveCfg = Release|Any CPU
		{39E6C71D-A12B-4527-BA76-C8DF72ABB6E0}.Release|Any CPU.Build.0 = Release|Any CPU
		{39E6C71D-A12B-4527-BA76-C8DF72ABB6E0}.Release|x64.ActiveCfg = Release|Any CPU
		{39E6C71D-A12B-4527-BA76-C8DF72ABB6E0}.Release|x64.Build.0 = Release|Any CPU
		{39E6C71D-A12B-4527-BA76-C8DF72ABB6E0}.Release|x86.ActiveCfg = Release|Any CPU
		{39E6C71D-A12B-4527-BA76-C8DF72ABB6E0}.Release|x86.Build.0 = Release|Any CPU
		{9EA5F031-A4FF-4386-AE67-CA73F5B68F80}.Debug|Any CPU.ActiveCfg = Debug|Any CPU
		{9EA5F031-A4FF-4386-AE67-CA73F5B68F80}.Debug|Any CPU.Build.0 = Debug|Any CPU
		{9EA5F031-A4FF-4386-AE67-CA73F5B68F80}.Debug|x64.ActiveCfg = Debug|Any CPU
		{9EA5F031-A4FF-4386-AE67-CA73F5B68F80}.Debug|x64.Build.0 = Debug|Any CPU
		{9EA5F031-A4FF-4386-AE67-CA73F5B68F80}.Debug|x86.ActiveCfg = Debug|Any CPU
		{9EA5F031-A4FF-4386-AE67-CA73F5B68F80}.Debug|x86.Build.0 = Debug|Any CPU
		{9EA5F031-A4FF-4386-AE67-CA73F5B68F80}.Release|Any CPU.ActiveCfg = Release|Any CPU
		{9EA5F031-A4FF-4386-AE67-CA73F5B68F80}.Release|Any CPU.Build.0 = Release|Any CPU
		{9EA5F031-A4FF-4386-AE67-CA73F5B68F80}.Release|x64.ActiveCfg = Release|Any CPU
		{9EA5F031-A4FF-4386-AE67-CA73F5B68F80}.Release|x64.Build.0 = Release|Any CPU
		{9EA5F031-A4FF-4386-AE67-CA73F5B68F80}.Release|x86.ActiveCfg = Release|Any CPU
		{9EA5F031-A4FF-4386-AE67-CA73F5B68F80}.Release|x86.Build.0 = Release|Any CPU
		{88ACD39F-3CDB-4989-90F7-0EAF72633294}.Debug|Any CPU.ActiveCfg = Debug|Any CPU
		{88ACD39F-3CDB-4989-90F7-0EAF72633294}.Debug|Any CPU.Build.0 = Debug|Any CPU
		{88ACD39F-3CDB-4989-90F7-0EAF72633294}.Debug|x64.ActiveCfg = Debug|Any CPU
		{88ACD39F-3CDB-4989-90F7-0EAF72633294}.Debug|x64.Build.0 = Debug|Any CPU
		{88ACD39F-3CDB-4989-90F7-0EAF72633294}.Debug|x86.ActiveCfg = Debug|Any CPU
		{88ACD39F-3CDB-4989-90F7-0EAF72633294}.Debug|x86.Build.0 = Debug|Any CPU
		{88ACD39F-3CDB-4989-90F7-0EAF72633294}.Release|Any CPU.ActiveCfg = Release|Any CPU
		{88ACD39F-3CDB-4989-90F7-0EAF72633294}.Release|Any CPU.Build.0 = Release|Any CPU
		{88ACD39F-3CDB-4989-90F7-0EAF72633294}.Release|x64.ActiveCfg = Release|Any CPU
		{88ACD39F-3CDB-4989-90F7-0EAF72633294}.Release|x64.Build.0 = Release|Any CPU
		{88ACD39F-3CDB-4989-90F7-0EAF72633294}.Release|x86.ActiveCfg = Release|Any CPU
		{88ACD39F-3CDB-4989-90F7-0EAF72633294}.Release|x86.Build.0 = Release|Any CPU
		{971259AF-5D5F-4A15-8057-117AF200AEB4}.Debug|Any CPU.ActiveCfg = Debug|Any CPU
		{971259AF-5D5F-4A15-8057-117AF200AEB4}.Debug|Any CPU.Build.0 = Debug|Any CPU
		{971259AF-5D5F-4A15-8057-117AF200AEB4}.Debug|x64.ActiveCfg = Debug|Any CPU
		{971259AF-5D5F-4A15-8057-117AF200AEB4}.Debug|x64.Build.0 = Debug|Any CPU
		{971259AF-5D5F-4A15-8057-117AF200AEB4}.Debug|x86.ActiveCfg = Debug|Any CPU
		{971259AF-5D5F-4A15-8057-117AF200AEB4}.Debug|x86.Build.0 = Debug|Any CPU
		{971259AF-5D5F-4A15-8057-117AF200AEB4}.Release|Any CPU.ActiveCfg = Release|Any CPU
		{971259AF-5D5F-4A15-8057-117AF200AEB4}.Release|Any CPU.Build.0 = Release|Any CPU
		{971259AF-5D5F-4A15-8057-117AF200AEB4}.Release|x64.ActiveCfg = Release|Any CPU
		{971259AF-5D5F-4A15-8057-117AF200AEB4}.Release|x64.Build.0 = Release|Any CPU
		{971259AF-5D5F-4A15-8057-117AF200AEB4}.Release|x86.ActiveCfg = Release|Any CPU
		{971259AF-5D5F-4A15-8057-117AF200AEB4}.Release|x86.Build.0 = Release|Any CPU
		{4E1342B4-260B-4E8E-99E7-5B3FAE265C4E}.Debug|Any CPU.ActiveCfg = Debug|Any CPU
		{4E1342B4-260B-4E8E-99E7-5B3FAE265C4E}.Debug|Any CPU.Build.0 = Debug|Any CPU
		{4E1342B4-260B-4E8E-99E7-5B3FAE265C4E}.Debug|x64.ActiveCfg = Debug|Any CPU
		{4E1342B4-260B-4E8E-99E7-5B3FAE265C4E}.Debug|x64.Build.0 = Debug|Any CPU
		{4E1342B4-260B-4E8E-99E7-5B3FAE265C4E}.Debug|x86.ActiveCfg = Debug|Any CPU
		{4E1342B4-260B-4E8E-99E7-5B3FAE265C4E}.Debug|x86.Build.0 = Debug|Any CPU
		{4E1342B4-260B-4E8E-99E7-5B3FAE265C4E}.Release|Any CPU.ActiveCfg = Release|Any CPU
		{4E1342B4-260B-4E8E-99E7-5B3FAE265C4E}.Release|Any CPU.Build.0 = Release|Any CPU
		{4E1342B4-260B-4E8E-99E7-5B3FAE265C4E}.Release|x64.ActiveCfg = Release|Any CPU
		{4E1342B4-260B-4E8E-99E7-5B3FAE265C4E}.Release|x64.Build.0 = Release|Any CPU
		{4E1342B4-260B-4E8E-99E7-5B3FAE265C4E}.Release|x86.ActiveCfg = Release|Any CPU
		{4E1342B4-260B-4E8E-99E7-5B3FAE265C4E}.Release|x86.Build.0 = Release|Any CPU
		{7B7AD980-6087-40E3-BB70-FD65DC3ACC83}.Debug|Any CPU.ActiveCfg = Debug|Any CPU
		{7B7AD980-6087-40E3-BB70-FD65DC3ACC83}.Debug|Any CPU.Build.0 = Debug|Any CPU
		{7B7AD980-6087-40E3-BB70-FD65DC3ACC83}.Debug|x64.ActiveCfg = Debug|Any CPU
		{7B7AD980-6087-40E3-BB70-FD65DC3ACC83}.Debug|x64.Build.0 = Debug|Any CPU
		{7B7AD980-6087-40E3-BB70-FD65DC3ACC83}.Debug|x86.ActiveCfg = Debug|Any CPU
		{7B7AD980-6087-40E3-BB70-FD65DC3ACC83}.Debug|x86.Build.0 = Debug|Any CPU
		{7B7AD980-6087-40E3-BB70-FD65DC3ACC83}.Release|Any CPU.ActiveCfg = Release|Any CPU
		{7B7AD980-6087-40E3-BB70-FD65DC3ACC83}.Release|Any CPU.Build.0 = Release|Any CPU
		{7B7AD980-6087-40E3-BB70-FD65DC3ACC83}.Release|x64.ActiveCfg = Release|Any CPU
		{7B7AD980-6087-40E3-BB70-FD65DC3ACC83}.Release|x64.Build.0 = Release|Any CPU
		{7B7AD980-6087-40E3-BB70-FD65DC3ACC83}.Release|x86.ActiveCfg = Release|Any CPU
		{7B7AD980-6087-40E3-BB70-FD65DC3ACC83}.Release|x86.Build.0 = Release|Any CPU
	EndGlobalSection
	GlobalSection(SolutionProperties) = preSolution
		HideSolutionNode = FALSE
	EndGlobalSection
	GlobalSection(NestedProjects) = preSolution
		{7BD40F49-1759-42F0-A954-B03B21426810} = {02EA681E-C7D8-13C7-8484-4AC65E1B71E8}
		{8D316355-4050-4346-90D5-950D06B7BCEA} = {7BD40F49-1759-42F0-A954-B03B21426810}
		{FDA1ED2C-16BE-4AB2-965A-286D1315DC77} = {DEC6C6E1-3C1E-452F-B759-C66ECAC0DD94}
		{5E00221F-D739-4BD7-91DC-7632349B12F2} = {FDA1ED2C-16BE-4AB2-965A-286D1315DC77}
		{D32F3188-D246-4754-977D-23120C367AFE} = {FDA1ED2C-16BE-4AB2-965A-286D1315DC77}
		{29199C2C-8724-4345-8D7D-2BB4D685CAC9} = {5E00221F-D739-4BD7-91DC-7632349B12F2}
		{8FA301E0-E55F-4D81-9A17-742B8489B6E9} = {5E00221F-D739-4BD7-91DC-7632349B12F2}
		{D333D8E9-DF9E-42FD-B0CE-1EED6F93C77B} = {5E00221F-D739-4BD7-91DC-7632349B12F2}
		{9ABBF5D2-35D5-4EA0-85E3-2352A1D4417D} = {5E00221F-D739-4BD7-91DC-7632349B12F2}
		{7E2C950E-2291-4B0E-AABD-D6CAAB936A15} = {D32F3188-D246-4754-977D-23120C367AFE}
		{41C38902-DBE0-4D2B-8C47-7941AFE5D95F} = {DEC6C6E1-3C1E-452F-B759-C66ECAC0DD94}
		{B4060D86-E594-4763-AFA3-86721145A9A8} = {41C38902-DBE0-4D2B-8C47-7941AFE5D95F}
		{626A6CFC-8C30-4220-A1BD-20DD4907513B} = {41C38902-DBE0-4D2B-8C47-7941AFE5D95F}
		{C41F2F5C-4E64-4E43-B0CA-E69AA58D3296} = {B4060D86-E594-4763-AFA3-86721145A9A8}
		{FE442A2D-82F4-497E-976C-ACB56BBA3D8A} = {B4060D86-E594-4763-AFA3-86721145A9A8}
		{EBC070E8-1D0B-4F8F-B362-F17AAA1B8319} = {B4060D86-E594-4763-AFA3-86721145A9A8}
		{21439FA4-6333-4278-AE0B-ED9182133361} = {B4060D86-E594-4763-AFA3-86721145A9A8}
		{E0C7C7EE-AD22-4E8F-926C-26CE885A9041} = {626A6CFC-8C30-4220-A1BD-20DD4907513B}
		{EB11C101-91DD-4462-A61A-A8E3C195B854} = {DEC6C6E1-3C1E-452F-B759-C66ECAC0DD94}
		{F134AACD-B9D3-4515-B328-027811B38DE2} = {EB11C101-91DD-4462-A61A-A8E3C195B854}
		{442E5A7F-7687-4A1C-823D-E5E8A2845525} = {EB11C101-91DD-4462-A61A-A8E3C195B854}
		{16161DEE-B5CF-4B80-911B-B0DFB5A39F7F} = {F134AACD-B9D3-4515-B328-027811B38DE2}
		{241C3848-F656-4DF5-8E1D-C0C275DB20B2} = {F134AACD-B9D3-4515-B328-027811B38DE2}
		{0C302A6D-6EA4-40F7-8AFD-399D318A6279} = {F134AACD-B9D3-4515-B328-027811B38DE2}
		{5059E3D5-F6C0-4AAE-AC24-76D936CD58D7} = {F134AACD-B9D3-4515-B328-027811B38DE2}
		{C59B4B40-5904-43BD-BC02-7EC3F059BE08} = {442E5A7F-7687-4A1C-823D-E5E8A2845525}
		{3AE0091B-01C0-4DC9-81F2-DFE10200AD5B} = {DEC6C6E1-3C1E-452F-B759-C66ECAC0DD94}
		{FDD71908-8DFC-47C5-89F5-495740C3EB45} = {3AE0091B-01C0-4DC9-81F2-DFE10200AD5B}
		{98ECB859-4EE3-46BF-A68C-D60387221B7E} = {3AE0091B-01C0-4DC9-81F2-DFE10200AD5B}
		{3E0A8F21-3358-4065-939A-391F3BE7CBF3} = {FDD71908-8DFC-47C5-89F5-495740C3EB45}
		{B193D7CC-38CB-4BE0-892F-7EC568E15FC0} = {FDD71908-8DFC-47C5-89F5-495740C3EB45}
		{E3BD2969-A57A-4000-80D6-4BA7A31C93A3} = {FDD71908-8DFC-47C5-89F5-495740C3EB45}
		{455ECA90-2079-4EB7-AA7B-EB5F3FA51F12} = {FDD71908-8DFC-47C5-89F5-495740C3EB45}
		{ED404E5A-A112-46ED-A531-DF6CE02FE352} = {98ECB859-4EE3-46BF-A68C-D60387221B7E}
		{8CC521AE-F918-401C-B479-CF1692B2A37D} = {DEC6C6E1-3C1E-452F-B759-C66ECAC0DD94}
		{EFD97427-9222-4E5E-9B58-950ECCF670C4} = {8CC521AE-F918-401C-B479-CF1692B2A37D}
		{C1FA72A5-8B88-4F56-9155-117FF81F1D34} = {8CC521AE-F918-401C-B479-CF1692B2A37D}
		{934AFE0C-9F07-4A87-91A4-82185C77389F} = {EFD97427-9222-4E5E-9B58-950ECCF670C4}
		{E6D24A17-D10E-42DB-B683-BC9908FAB6AD} = {EFD97427-9222-4E5E-9B58-950ECCF670C4}
		{B3B2B2CA-6AA4-4FD4-8CA0-EDB0624C1CA4} = {EFD97427-9222-4E5E-9B58-950ECCF670C4}
		{5BB3E1C2-631C-4646-8711-283B6888B478} = {EFD97427-9222-4E5E-9B58-950ECCF670C4}
		{39E6C71D-A12B-4527-BA76-C8DF72ABB6E0} = {C1FA72A5-8B88-4F56-9155-117FF81F1D34}
		{25E87646-85E0-4F6E-A98C-9E0A018ED62C} = {DEC6C6E1-3C1E-452F-B759-C66ECAC0DD94}
		{FFB431AB-E7E6-459D-9CF8-13D5CC6102A9} = {25E87646-85E0-4F6E-A98C-9E0A018ED62C}
		{0FC14DC4-1B69-4E8C-848F-76559827EB71} = {25E87646-85E0-4F6E-A98C-9E0A018ED62C}
		{9EA5F031-A4FF-4386-AE67-CA73F5B68F80} = {FFB431AB-E7E6-459D-9CF8-13D5CC6102A9}
		{88ACD39F-3CDB-4989-90F7-0EAF72633294} = {FFB431AB-E7E6-459D-9CF8-13D5CC6102A9}
		{971259AF-5D5F-4A15-8057-117AF200AEB4} = {FFB431AB-E7E6-459D-9CF8-13D5CC6102A9}
		{4E1342B4-260B-4E8E-99E7-5B3FAE265C4E} = {FFB431AB-E7E6-459D-9CF8-13D5CC6102A9}
		{7B7AD980-6087-40E3-BB70-FD65DC3ACC83} = {0FC14DC4-1B69-4E8C-848F-76559827EB71}
	EndGlobalSection
	GlobalSection(ExtensibilityGlobals) = postSolution
		SolutionGuid = {7E27DEB1-0DB2-450F-8739-AF79826186BF}
	EndGlobalSection
EndGlobal
